// !$*UTF8*$!
{
	archiveVersion = 1;
	classes = {
	};
	objectVersion = 55;
	objects = {

/* Begin PBXBuildFile section */
		F9392A6028861A31008F32BF /* PingMonitoringApp.swift in Sources */ = {isa = PBXBuildFile; fileRef = F9392A5F28861A31008F32BF /* PingMonitoringApp.swift */; };
		F9392A6228861A31008F32BF /* HostsView.swift in Sources */ = {isa = PBXBuildFile; fileRef = F9392A6128861A31008F32BF /* HostsView.swift */; };
		F9392A6428861A31008F32BF /* Assets.xcassets in Resources */ = {isa = PBXBuildFile; fileRef = F9392A6328861A31008F32BF /* Assets.xcassets */; };
		F9392A6728861A31008F32BF /* Preview Assets.xcassets in Resources */ = {isa = PBXBuildFile; fileRef = F9392A6628861A31008F32BF /* Preview Assets.xcassets */; };
		F9392A7728875878008F32BF /* Host.swift in Sources */ = {isa = PBXBuildFile; fileRef = F9392A7628875878008F32BF /* Host.swift */; };
		F9392A7928875C7E008F32BF /* CardView.swift in Sources */ = {isa = PBXBuildFile; fileRef = F9392A7828875C7E008F32BF /* CardView.swift */; };
		F9392A7B2887655B008F32BF /* Status.swift in Sources */ = {isa = PBXBuildFile; fileRef = F9392A7A2887655B008F32BF /* Status.swift */; };
		F9392A7D2887746B008F32BF /* DetailView.swift in Sources */ = {isa = PBXBuildFile; fileRef = F9392A7C2887746B008F32BF /* DetailView.swift */; };
		F9392A7F288777A5008F32BF /* HostStore.swift in Sources */ = {isa = PBXBuildFile; fileRef = F9392A7E288777A5008F32BF /* HostStore.swift */; };
		F9392A81288893DF008F32BF /* DetailEditView.swift in Sources */ = {isa = PBXBuildFile; fileRef = F9392A80288893DF008F32BF /* DetailEditView.swift */; };
		F9392A832888A61C008F32BF /* ErrorWrapper.swift in Sources */ = {isa = PBXBuildFile; fileRef = F9392A822888A61C008F32BF /* ErrorWrapper.swift */; };
		F9392A852888A639008F32BF /* ErrorView.swift in Sources */ = {isa = PBXBuildFile; fileRef = F9392A842888A639008F32BF /* ErrorView.swift */; };
		F9392A882888CB19008F32BF /* Monitor.swift in Sources */ = {isa = PBXBuildFile; fileRef = F9392A872888CB19008F32BF /* Monitor.swift */; };
		F9392A8E2890AD10008F32BF /* HostStatusView.swift in Sources */ = {isa = PBXBuildFile; fileRef = F9392A8D2890AD10008F32BF /* HostStatusView.swift */; };
/* End PBXBuildFile section */

/* Begin PBXFileReference section */
		F9392A5C28861A31008F32BF /* VPN_Ping_Monitoring_App.app */ = {isa = PBXFileReference; explicitFileType = wrapper.application; includeInIndex = 0; path = VPN_Ping_Monitoring_App.app; sourceTree = BUILT_PRODUCTS_DIR; };
		F9392A5F28861A31008F32BF /* PingMonitoringApp.swift */ = {isa = PBXFileReference; lastKnownFileType = sourcecode.swift; path = PingMonitoringApp.swift; sourceTree = "<group>"; };
		F9392A6128861A31008F32BF /* HostsView.swift */ = {isa = PBXFileReference; lastKnownFileType = sourcecode.swift; path = HostsView.swift; sourceTree = "<group>"; };
		F9392A6328861A31008F32BF /* Assets.xcassets */ = {isa = PBXFileReference; lastKnownFileType = folder.assetcatalog; path = Assets.xcassets; sourceTree = "<group>"; };
		F9392A6628861A31008F32BF /* Preview Assets.xcassets */ = {isa = PBXFileReference; lastKnownFileType = folder.assetcatalog; path = "Preview Assets.xcassets"; sourceTree = "<group>"; };
		F9392A7628875878008F32BF /* Host.swift */ = {isa = PBXFileReference; lastKnownFileType = sourcecode.swift; path = Host.swift; sourceTree = "<group>"; };
		F9392A7828875C7E008F32BF /* CardView.swift */ = {isa = PBXFileReference; lastKnownFileType = sourcecode.swift; path = CardView.swift; sourceTree = "<group>"; };
		F9392A7A2887655B008F32BF /* Status.swift */ = {isa = PBXFileReference; lastKnownFileType = sourcecode.swift; path = Status.swift; sourceTree = "<group>"; };
		F9392A7C2887746B008F32BF /* DetailView.swift */ = {isa = PBXFileReference; lastKnownFileType = sourcecode.swift; path = DetailView.swift; sourceTree = "<group>"; };
		F9392A7E288777A5008F32BF /* HostStore.swift */ = {isa = PBXFileReference; lastKnownFileType = sourcecode.swift; path = HostStore.swift; sourceTree = "<group>"; };
		F9392A80288893DF008F32BF /* DetailEditView.swift */ = {isa = PBXFileReference; lastKnownFileType = sourcecode.swift; path = DetailEditView.swift; sourceTree = "<group>"; };
		F9392A822888A61C008F32BF /* ErrorWrapper.swift */ = {isa = PBXFileReference; fileEncoding = 4; lastKnownFileType = sourcecode.swift; path = ErrorWrapper.swift; sourceTree = "<group>"; };
		F9392A842888A639008F32BF /* ErrorView.swift */ = {isa = PBXFileReference; fileEncoding = 4; lastKnownFileType = sourcecode.swift; path = ErrorView.swift; sourceTree = "<group>"; };
		F9392A872888CB19008F32BF /* Monitor.swift */ = {isa = PBXFileReference; lastKnownFileType = sourcecode.swift; path = Monitor.swift; sourceTree = "<group>"; };
		F9392A8D2890AD10008F32BF /* HostStatusView.swift */ = {isa = PBXFileReference; lastKnownFileType = sourcecode.swift; path = HostStatusView.swift; sourceTree = "<group>"; };
/* End PBXFileReference section */

/* Begin PBXFrameworksBuildPhase section */
		F9392A5928861A31008F32BF /* Frameworks */ = {
			isa = PBXFrameworksBuildPhase;
			buildActionMask = 2147483647;
			files = (
			);
			runOnlyForDeploymentPostprocessing = 0;
		};
/* End PBXFrameworksBuildPhase section */

/* Begin PBXGroup section */
		F9392A5328861A31008F32BF = {
			isa = PBXGroup;
			children = (
				F9392A5E28861A31008F32BF /* VPN_Ping_Monitoring_App */,
				F9392A5D28861A31008F32BF /* Products */,
			);
			sourceTree = "<group>";
		};
		F9392A5D28861A31008F32BF /* Products */ = {
			isa = PBXGroup;
			children = (
				F9392A5C28861A31008F32BF /* VPN_Ping_Monitoring_App.app */,
			);
			name = Products;
			sourceTree = "<group>";
		};
		F9392A5E28861A31008F32BF /* VPN_Ping_Monitoring_App */ = {
			isa = PBXGroup;
			children = (
				F9392A7528861C13008F32BF /* Model */,
				F9392A6328861A31008F32BF /* Assets.xcassets */,
				F9392A6528861A31008F32BF /* Preview Content */,
				F9392A7828875C7E008F32BF /* CardView.swift */,
				F9392A8D2890AD10008F32BF /* HostStatusView.swift */,
				F9392A6128861A31008F32BF /* HostsView.swift */,
				F9392A7C2887746B008F32BF /* DetailView.swift */,
				F9392A80288893DF008F32BF /* DetailEditView.swift */,
				F9392A5F28861A31008F32BF /* PingMonitoringApp.swift */,
				F9392A842888A639008F32BF /* ErrorView.swift */,
			);
			path = VPN_Ping_Monitoring_App;
			sourceTree = "<group>";
		};
		F9392A6528861A31008F32BF /* Preview Content */ = {
			isa = PBXGroup;
			children = (
				F9392A6628861A31008F32BF /* Preview Assets.xcassets */,
			);
			path = "Preview Content";
			sourceTree = "<group>";
		};
		F9392A7528861C13008F32BF /* Model */ = {
			isa = PBXGroup;
			children = (
				F9392A822888A61C008F32BF /* ErrorWrapper.swift */,
				F9392A7628875878008F32BF /* Host.swift */,
				F9392A7A2887655B008F32BF /* Status.swift */,
				F9392A7E288777A5008F32BF /* HostStore.swift */,
				F9392A872888CB19008F32BF /* Monitor.swift */,
			);
			path = Model;
			sourceTree = "<group>";
		};
/* End PBXGroup section */

/* Begin PBXNativeTarget section */
		F9392A5B28861A31008F32BF /* VPN_Ping_Monitoring_App */ = {
			isa = PBXNativeTarget;
			buildConfigurationList = F9392A6A28861A31008F32BF /* Build configuration list for PBXNativeTarget "VPN_Ping_Monitoring_App" */;
			buildPhases = (
				F9392A5828861A31008F32BF /* Sources */,
				F9392A5928861A31008F32BF /* Frameworks */,
				F9392A5A28861A31008F32BF /* Resources */,
			);
			buildRules = (
			);
			dependencies = (
			);
			name = VPN_Ping_Monitoring_App;
			productName = VPN_Ping_Monitoring_App;
			productReference = F9392A5C28861A31008F32BF /* VPN_Ping_Monitoring_App.app */;
			productType = "com.apple.product-type.application";
		};
/* End PBXNativeTarget section */

/* Begin PBXProject section */
		F9392A5428861A31008F32BF /* Project object */ = {
			isa = PBXProject;
			attributes = {
				BuildIndependentTargetsInParallel = 1;
				LastSwiftUpdateCheck = 1340;
				LastUpgradeCheck = 1340;
				TargetAttributes = {
					F9392A5B28861A31008F32BF = {
						CreatedOnToolsVersion = 13.4.1;
						LastSwiftMigration = 1340;
					};
				};
			};
			buildConfigurationList = F9392A5728861A31008F32BF /* Build configuration list for PBXProject "VPN_Ping_Monitoring_App" */;
			compatibilityVersion = "Xcode 13.0";
			developmentRegion = en;
			hasScannedForEncodings = 0;
			knownRegions = (
				en,
				Base,
			);
			mainGroup = F9392A5328861A31008F32BF;
			productRefGroup = F9392A5D28861A31008F32BF /* Products */;
			projectDirPath = "";
			projectRoot = "";
			targets = (
				F9392A5B28861A31008F32BF /* VPN_Ping_Monitoring_App */,
			);
		};
/* End PBXProject section */

/* Begin PBXResourcesBuildPhase section */
		F9392A5A28861A31008F32BF /* Resources */ = {
			isa = PBXResourcesBuildPhase;
			buildActionMask = 2147483647;
			files = (
				F9392A6728861A31008F32BF /* Preview Assets.xcassets in Resources */,
				F9392A6428861A31008F32BF /* Assets.xcassets in Resources */,
			);
			runOnlyForDeploymentPostprocessing = 0;
		};
/* End PBXResourcesBuildPhase section */

/* Begin PBXSourcesBuildPhase section */
		F9392A5828861A31008F32BF /* Sources */ = {
			isa = PBXSourcesBuildPhase;
			buildActionMask = 2147483647;
			files = (
				F9392A6228861A31008F32BF /* HostsView.swift in Sources */,
				F9392A882888CB19008F32BF /* Monitor.swift in Sources */,
				F9392A7D2887746B008F32BF /* DetailView.swift in Sources */,
				F9392A7F288777A5008F32BF /* HostStore.swift in Sources */,
				F9392A832888A61C008F32BF /* ErrorWrapper.swift in Sources */,
				F9392A7728875878008F32BF /* Host.swift in Sources */,
				F9392A7B2887655B008F32BF /* Status.swift in Sources */,
				F9392A81288893DF008F32BF /* DetailEditView.swift in Sources */,
				F9392A8E2890AD10008F32BF /* HostStatusView.swift in Sources */,
				F9392A852888A639008F32BF /* ErrorView.swift in Sources */,
				F9392A6028861A31008F32BF /* PingMonitoringApp.swift in Sources */,
				F9392A7928875C7E008F32BF /* CardView.swift in Sources */,
			);
			runOnlyForDeploymentPostprocessing = 0;
		};
/* End PBXSourcesBuildPhase section */

/* Begin XCBuildConfiguration section */
		F9392A6828861A31008F32BF /* Debug */ = {
			isa = XCBuildConfiguration;
			buildSettings = {
				ALWAYS_SEARCH_USER_PATHS = NO;
				CLANG_ANALYZER_NONNULL = YES;
				CLANG_ANALYZER_NUMBER_OBJECT_CONVERSION = YES_AGGRESSIVE;
				CLANG_CXX_LANGUAGE_STANDARD = "gnu++17";
				CLANG_ENABLE_MODULES = YES;
				CLANG_ENABLE_OBJC_ARC = YES;
				CLANG_ENABLE_OBJC_WEAK = YES;
				CLANG_WARN_BLOCK_CAPTURE_AUTORELEASING = YES;
				CLANG_WARN_BOOL_CONVERSION = YES;
				CLANG_WARN_COMMA = YES;
				CLANG_WARN_CONSTANT_CONVERSION = YES;
				CLANG_WARN_DEPRECATED_OBJC_IMPLEMENTATIONS = YES;
				CLANG_WARN_DIRECT_OBJC_ISA_USAGE = YES_ERROR;
				CLANG_WARN_DOCUMENTATION_COMMENTS = YES;
				CLANG_WARN_EMPTY_BODY = YES;
				CLANG_WARN_ENUM_CONVERSION = YES;
				CLANG_WARN_INFINITE_RECURSION = YES;
				CLANG_WARN_INT_CONVERSION = YES;
				CLANG_WARN_NON_LITERAL_NULL_CONVERSION = YES;
				CLANG_WARN_OBJC_IMPLICIT_RETAIN_SELF = YES;
				CLANG_WARN_OBJC_LITERAL_CONVERSION = YES;
				CLANG_WARN_OBJC_ROOT_CLASS = YES_ERROR;
				CLANG_WARN_QUOTED_INCLUDE_IN_FRAMEWORK_HEADER = YES;
				CLANG_WARN_RANGE_LOOP_ANALYSIS = YES;
				CLANG_WARN_STRICT_PROTOTYPES = YES;
				CLANG_WARN_SUSPICIOUS_MOVE = YES;
				CLANG_WARN_UNGUARDED_AVAILABILITY = YES_AGGRESSIVE;
				CLANG_WARN_UNREACHABLE_CODE = YES;
				CLANG_WARN__DUPLICATE_METHOD_MATCH = YES;
				COPY_PHASE_STRIP = NO;
				DEBUG_INFORMATION_FORMAT = dwarf;
				ENABLE_STRICT_OBJC_MSGSEND = YES;
				ENABLE_TESTABILITY = YES;
				GCC_C_LANGUAGE_STANDARD = gnu11;
				GCC_DYNAMIC_NO_PIC = NO;
				GCC_NO_COMMON_BLOCKS = YES;
				GCC_OPTIMIZATION_LEVEL = 0;
				GCC_PREPROCESSOR_DEFINITIONS = (
					"DEBUG=1",
					"$(inherited)",
				);
				GCC_WARN_64_TO_32_BIT_CONVERSION = YES;
				GCC_WARN_ABOUT_RETURN_TYPE = YES_ERROR;
				GCC_WARN_UNDECLARED_SELECTOR = YES;
				GCC_WARN_UNINITIALIZED_AUTOS = YES_AGGRESSIVE;
				GCC_WARN_UNUSED_FUNCTION = YES;
				GCC_WARN_UNUSED_VARIABLE = YES;
				IPHONEOS_DEPLOYMENT_TARGET = 15.5;
				MTL_ENABLE_DEBUG_INFO = INCLUDE_SOURCE;
				MTL_FAST_MATH = YES;
				ONLY_ACTIVE_ARCH = YES;
				SDKROOT = iphoneos;
				SWIFT_ACTIVE_COMPILATION_CONDITIONS = DEBUG;
				SWIFT_OPTIMIZATION_LEVEL = "-Onone";
			};
			name = Debug;
		};
		F9392A6928861A31008F32BF /* Release */ = {
			isa = XCBuildConfiguration;
			buildSettings = {
				ALWAYS_SEARCH_USER_PATHS = NO;
				CLANG_ANALYZER_NONNULL = YES;
				CLANG_ANALYZER_NUMBER_OBJECT_CONVERSION = YES_AGGRESSIVE;
				CLANG_CXX_LANGUAGE_STANDARD = "gnu++17";
				CLANG_ENABLE_MODULES = YES;
				CLANG_ENABLE_OBJC_ARC = YES;
				CLANG_ENABLE_OBJC_WEAK = YES;
				CLANG_WARN_BLOCK_CAPTURE_AUTORELEASING = YES;
				CLANG_WARN_BOOL_CONVERSION = YES;
				CLANG_WARN_COMMA = YES;
				CLANG_WARN_CONSTANT_CONVERSION = YES;
				CLANG_WARN_DEPRECATED_OBJC_IMPLEMENTATIONS = YES;
				CLANG_WARN_DIRECT_OBJC_ISA_USAGE = YES_ERROR;
				CLANG_WARN_DOCUMENTATION_COMMENTS = YES;
				CLANG_WARN_EMPTY_BODY = YES;
				CLANG_WARN_ENUM_CONVERSION = YES;
				CLANG_WARN_INFINITE_RECURSION = YES;
				CLANG_WARN_INT_CONVERSION = YES;
				CLANG_WARN_NON_LITERAL_NULL_CONVERSION = YES;
				CLANG_WARN_OBJC_IMPLICIT_RETAIN_SELF = YES;
				CLANG_WARN_OBJC_LITERAL_CONVERSION = YES;
				CLANG_WARN_OBJC_ROOT_CLASS = YES_ERROR;
				CLANG_WARN_QUOTED_INCLUDE_IN_FRAMEWORK_HEADER = YES;
				CLANG_WARN_RANGE_LOOP_ANALYSIS = YES;
				CLANG_WARN_STRICT_PROTOTYPES = YES;
				CLANG_WARN_SUSPICIOUS_MOVE = YES;
				CLANG_WARN_UNGUARDED_AVAILABILITY = YES_AGGRESSIVE;
				CLANG_WARN_UNREACHABLE_CODE = YES;
				CLANG_WARN__DUPLICATE_METHOD_MATCH = YES;
				COPY_PHASE_STRIP = NO;
				DEBUG_INFORMATION_FORMAT = "dwarf-with-dsym";
				ENABLE_NS_ASSERTIONS = NO;
				ENABLE_STRICT_OBJC_MSGSEND = YES;
				GCC_C_LANGUAGE_STANDARD = gnu11;
				GCC_NO_COMMON_BLOCKS = YES;
				GCC_WARN_64_TO_32_BIT_CONVERSION = YES;
				GCC_WARN_ABOUT_RETURN_TYPE = YES_ERROR;
				GCC_WARN_UNDECLARED_SELECTOR = YES;
				GCC_WARN_UNINITIALIZED_AUTOS = YES_AGGRESSIVE;
				GCC_WARN_UNUSED_FUNCTION = YES;
				GCC_WARN_UNUSED_VARIABLE = YES;
				IPHONEOS_DEPLOYMENT_TARGET = 15.5;
				MTL_ENABLE_DEBUG_INFO = NO;
				MTL_FAST_MATH = YES;
				SDKROOT = iphoneos;
				SWIFT_COMPILATION_MODE = wholemodule;
				SWIFT_OPTIMIZATION_LEVEL = "-O";
				VALIDATE_PRODUCT = YES;
			};
			name = Release;
		};
		F9392A6B28861A31008F32BF /* Debug */ = {
			isa = XCBuildConfiguration;
			buildSettings = {
				ASSETCATALOG_COMPILER_APPICON_NAME = AppIcon;
				ASSETCATALOG_COMPILER_GLOBAL_ACCENT_COLOR_NAME = AccentColor;
				CLANG_ENABLE_MODULES = YES;
				CODE_SIGN_STYLE = Automatic;
				CURRENT_PROJECT_VERSION = 1;
				DEVELOPMENT_ASSET_PATHS = "\"VPN_Ping_Monitoring_App/Preview Content\"";
				DEVELOPMENT_TEAM = 4D9A6P6X9K;
				ENABLE_PREVIEWS = YES;
				GENERATE_INFOPLIST_FILE = YES;
				INFOPLIST_KEY_UIApplicationSceneManifest_Generation = YES;
				INFOPLIST_KEY_UIApplicationSupportsIndirectInputEvents = YES;
				INFOPLIST_KEY_UILaunchScreen_Generation = YES;
				INFOPLIST_KEY_UISupportedInterfaceOrientations = UIInterfaceOrientationPortrait;
				INFOPLIST_KEY_UISupportedInterfaceOrientations_iPad = "UIInterfaceOrientationPortrait UIInterfaceOrientationPortraitUpsideDown UIInterfaceOrientationLandscapeLeft UIInterfaceOrientationLandscapeRight";
				INFOPLIST_KEY_UISupportedInterfaceOrientations_iPhone = "UIInterfaceOrientationPortrait UIInterfaceOrientationLandscapeLeft UIInterfaceOrientationLandscapeRight";
				LD_RUNPATH_SEARCH_PATHS = (
					"$(inherited)",
					"@executable_path/Frameworks",
				);
				MARKETING_VERSION = 1.0;
				PRODUCT_BUNDLE_IDENTIFIER = "aVVinSolutions.VPN-Ping-Monitoring-App";
				PRODUCT_NAME = "$(TARGET_NAME)";
				SWIFT_EMIT_LOC_STRINGS = YES;
				SWIFT_OBJC_BRIDGING_HEADER = "";
				SWIFT_OPTIMIZATION_LEVEL = "-Onone";
				SWIFT_VERSION = 5.0;
				TARGETED_DEVICE_FAMILY = "1,2";
			};
			name = Debug;
		};
		F9392A6C28861A31008F32BF /* Release */ = {
			isa = XCBuildConfiguration;
			buildSettings = {
				ASSETCATALOG_COMPILER_APPICON_NAME = AppIcon;
				ASSETCATALOG_COMPILER_GLOBAL_ACCENT_COLOR_NAME = AccentColor;
				CLANG_ENABLE_MODULES = YES;
				CODE_SIGN_STYLE = Automatic;
				CURRENT_PROJECT_VERSION = 1;
				DEVELOPMENT_ASSET_PATHS = "\"VPN_Ping_Monitoring_App/Preview Content\"";
				DEVELOPMENT_TEAM = 4D9A6P6X9K;
				ENABLE_PREVIEWS = YES;
				GENERATE_INFOPLIST_FILE = YES;
				INFOPLIST_KEY_UIApplicationSceneManifest_Generation = YES;
				INFOPLIST_KEY_UIApplicationSupportsIndirectInputEvents = YES;
				INFOPLIST_KEY_UILaunchScreen_Generation = YES;
				INFOPLIST_KEY_UISupportedInterfaceOrientations = UIInterfaceOrientationPortrait;
				INFOPLIST_KEY_UISupportedInterfaceOrientations_iPad = "UIInterfaceOrientationPortrait UIInterfaceOrientationPortraitUpsideDown UIInterfaceOrientationLandscapeLeft UIInterfaceOrientationLandscapeRight";
				INFOPLIST_KEY_UISupportedInterfaceOrientations_iPhone = "UIInterfaceOrientationPortrait UIInterfaceOrientationLandscapeLeft UIInterfaceOrientationLandscapeRight";
				LD_RUNPATH_SEARCH_PATHS = (
					"$(inherited)",
					"@executable_path/Frameworks",
				);
				MARKETING_VERSION = 1.0;
				PRODUCT_BUNDLE_IDENTIFIER = "aVVinSolutions.VPN-Ping-Monitoring-App";
				PRODUCT_NAME = "$(TARGET_NAME)";
				SWIFT_EMIT_LOC_STRINGS = YES;
				SWIFT_OBJC_BRIDGING_HEADER = "";
				SWIFT_VERSION = 5.0;
				TARGETED_DEVICE_FAMILY = "1,2";
			};
			name = Release;
		};
/* End XCBuildConfiguration section */

/* Begin XCConfigurationList section */
		F9392A5728861A31008F32BF /* Build configuration list for PBXProject "VPN_Ping_Monitoring_App" */ = {
			isa = XCConfigurationList;
			buildConfigurations = (
				F9392A6828861A31008F32BF /* Debug */,
				F9392A6928861A31008F32BF /* Release */,
			);
			defaultConfigurationIsVisible = 0;
			defaultConfigurationName = Release;
		};
		F9392A6A28861A31008F32BF /* Build configuration list for PBXNativeTarget "VPN_Ping_Monitoring_App" */ = {
			isa = XCConfigurationList;
			buildConfigurations = (
				F9392A6B28861A31008F32BF /* Debug */,
				F9392A6C28861A31008F32BF /* Release */,
			);
			defaultConfigurationIsVisible = 0;
			defaultConfigurationName = Release;
		};
/* End XCConfigurationList section */
	};
	rootObject = F9392A5428861A31008F32BF /* Project object */;
}
